// !$*UTF8*$!
{
	archiveVersion = 1;
	classes = {
	};
	objectVersion = 56;
	objects = {

/* Begin PBXBuildFile section */
		1C3154272AFA6A2A00573B3A /* SearchBar.swift in Sources */ = {isa = PBXBuildFile; fileRef = 1C3154262AFA6A2A00573B3A /* SearchBar.swift */; };
		1C31542B2AFA6CA500573B3A /* SearchResultTableViewCell.swift in Sources */ = {isa = PBXBuildFile; fileRef = 1C31542A2AFA6CA500573B3A /* SearchResultTableViewCell.swift */; };
		1C380F502AF8AEC40036A2D1 /* AppDelegate.swift in Sources */ = {isa = PBXBuildFile; fileRef = 1C380F4F2AF8AEC40036A2D1 /* AppDelegate.swift */; };
		1C380F522AF8AEC40036A2D1 /* SceneDelegate.swift in Sources */ = {isa = PBXBuildFile; fileRef = 1C380F512AF8AEC40036A2D1 /* SceneDelegate.swift */; };
		1C380F542AF8AEC40036A2D1 /* ViewController.swift in Sources */ = {isa = PBXBuildFile; fileRef = 1C380F532AF8AEC40036A2D1 /* ViewController.swift */; };
		1C380F572AF8AEC40036A2D1 /* Main.storyboard in Resources */ = {isa = PBXBuildFile; fileRef = 1C380F552AF8AEC40036A2D1 /* Main.storyboard */; };
		1C380F592AF8AEC50036A2D1 /* Assets.xcassets in Resources */ = {isa = PBXBuildFile; fileRef = 1C380F582AF8AEC50036A2D1 /* Assets.xcassets */; };
		1C380F5C2AF8AEC50036A2D1 /* LaunchScreen.storyboard in Resources */ = {isa = PBXBuildFile; fileRef = 1C380F5A2AF8AEC50036A2D1 /* LaunchScreen.storyboard */; };
		1C380F652AF8B01A0036A2D1 /* GeneralBoardViewController.swift in Sources */ = {isa = PBXBuildFile; fileRef = 1C380F642AF8B01A0036A2D1 /* GeneralBoardViewController.swift */; };
		1C380F682AF8B8EF0036A2D1 /* GeneralBoardView.swift in Sources */ = {isa = PBXBuildFile; fileRef = 1C380F672AF8B8EF0036A2D1 /* GeneralBoardView.swift */; };
		1C380F6C2AF8DB640036A2D1 /* IconImage.swift in Sources */ = {isa = PBXBuildFile; fileRef = 1C380F6B2AF8DB640036A2D1 /* IconImage.swift */; };
		1C380F742AF8EE940036A2D1 /* Colors.swift in Sources */ = {isa = PBXBuildFile; fileRef = 1C380F732AF8EE940036A2D1 /* Colors.swift */; };
		1C380F7F2AF91DB90036A2D1 /* Typography.swift in Sources */ = {isa = PBXBuildFile; fileRef = 1C380F7E2AF91DB90036A2D1 /* Typography.swift */; };
		1C380F852AF92BBC0036A2D1 /* SpoqaHanSansNeo-Medium.ttf in Resources */ = {isa = PBXBuildFile; fileRef = 1C380F812AF92BBB0036A2D1 /* SpoqaHanSansNeo-Medium.ttf */; };
		1C380F862AF92BBC0036A2D1 /* SpoqaHanSansNeo-Light.ttf in Resources */ = {isa = PBXBuildFile; fileRef = 1C380F822AF92BBC0036A2D1 /* SpoqaHanSansNeo-Light.ttf */; };
		1C380F872AF92BBC0036A2D1 /* SpoqaHanSansNeo-Bold.ttf in Resources */ = {isa = PBXBuildFile; fileRef = 1C380F832AF92BBC0036A2D1 /* SpoqaHanSansNeo-Bold.ttf */; };
		1C380F882AF92BBC0036A2D1 /* SpoqaHanSansNeo-Regular.ttf in Resources */ = {isa = PBXBuildFile; fileRef = 1C380F842AF92BBC0036A2D1 /* SpoqaHanSansNeo-Regular.ttf */; };
		1C380F922AF93D120036A2D1 /* SnapKit in Frameworks */ = {isa = PBXBuildFile; productRef = 1C380F912AF93D120036A2D1 /* SnapKit */; };
		1C380F9A2AFA0F5E0036A2D1 /* MenuOptions.swift in Sources */ = {isa = PBXBuildFile; fileRef = 1C380F992AFA0F5E0036A2D1 /* MenuOptions.swift */; };
		1C380F9C2AFA10800036A2D1 /* MenuModalTableViewCell.swift in Sources */ = {isa = PBXBuildFile; fileRef = 1C380F9B2AFA10800036A2D1 /* MenuModalTableViewCell.swift */; };
		1C380F9E2AFA11700036A2D1 /* MenuModalViewController.swift in Sources */ = {isa = PBXBuildFile; fileRef = 1C380F9D2AFA11700036A2D1 /* MenuModalViewController.swift */; };
/* End PBXBuildFile section */

/* Begin PBXFileReference section */
		1C3154262AFA6A2A00573B3A /* SearchBar.swift */ = {isa = PBXFileReference; lastKnownFileType = sourcecode.swift; path = SearchBar.swift; sourceTree = "<group>"; };
		1C31542A2AFA6CA500573B3A /* SearchResultTableViewCell.swift */ = {isa = PBXFileReference; lastKnownFileType = sourcecode.swift; path = SearchResultTableViewCell.swift; sourceTree = "<group>"; };
		1C380F4C2AF8AEC40036A2D1 /* mailplug-assignment.app */ = {isa = PBXFileReference; explicitFileType = wrapper.application; includeInIndex = 0; path = "mailplug-assignment.app"; sourceTree = BUILT_PRODUCTS_DIR; };
		1C380F4F2AF8AEC40036A2D1 /* AppDelegate.swift */ = {isa = PBXFileReference; lastKnownFileType = sourcecode.swift; path = AppDelegate.swift; sourceTree = "<group>"; };
		1C380F512AF8AEC40036A2D1 /* SceneDelegate.swift */ = {isa = PBXFileReference; lastKnownFileType = sourcecode.swift; path = SceneDelegate.swift; sourceTree = "<group>"; };
		1C380F532AF8AEC40036A2D1 /* ViewController.swift */ = {isa = PBXFileReference; lastKnownFileType = sourcecode.swift; path = ViewController.swift; sourceTree = "<group>"; };
		1C380F562AF8AEC40036A2D1 /* Base */ = {isa = PBXFileReference; lastKnownFileType = file.storyboard; name = Base; path = Base.lproj/Main.storyboard; sourceTree = "<group>"; };
		1C380F582AF8AEC50036A2D1 /* Assets.xcassets */ = {isa = PBXFileReference; lastKnownFileType = folder.assetcatalog; path = Assets.xcassets; sourceTree = "<group>"; };
		1C380F5B2AF8AEC50036A2D1 /* Base */ = {isa = PBXFileReference; lastKnownFileType = file.storyboard; name = Base; path = Base.lproj/LaunchScreen.storyboard; sourceTree = "<group>"; };
		1C380F5D2AF8AEC50036A2D1 /* Info.plist */ = {isa = PBXFileReference; lastKnownFileType = text.plist.xml; path = Info.plist; sourceTree = "<group>"; };
		1C380F642AF8B01A0036A2D1 /* GeneralBoardViewController.swift */ = {isa = PBXFileReference; lastKnownFileType = sourcecode.swift; path = GeneralBoardViewController.swift; sourceTree = "<group>"; };
		1C380F672AF8B8EF0036A2D1 /* GeneralBoardView.swift */ = {isa = PBXFileReference; lastKnownFileType = sourcecode.swift; path = GeneralBoardView.swift; sourceTree = "<group>"; };
		1C380F6B2AF8DB640036A2D1 /* IconImage.swift */ = {isa = PBXFileReference; lastKnownFileType = sourcecode.swift; path = IconImage.swift; sourceTree = "<group>"; };
		1C380F732AF8EE940036A2D1 /* Colors.swift */ = {isa = PBXFileReference; lastKnownFileType = sourcecode.swift; path = Colors.swift; sourceTree = "<group>"; };
		1C380F7E2AF91DB90036A2D1 /* Typography.swift */ = {isa = PBXFileReference; lastKnownFileType = sourcecode.swift; path = Typography.swift; sourceTree = "<group>"; };
		1C380F812AF92BBB0036A2D1 /* SpoqaHanSansNeo-Medium.ttf */ = {isa = PBXFileReference; lastKnownFileType = file; path = "SpoqaHanSansNeo-Medium.ttf"; sourceTree = "<group>"; };
		1C380F822AF92BBC0036A2D1 /* SpoqaHanSansNeo-Light.ttf */ = {isa = PBXFileReference; lastKnownFileType = file; path = "SpoqaHanSansNeo-Light.ttf"; sourceTree = "<group>"; };
		1C380F832AF92BBC0036A2D1 /* SpoqaHanSansNeo-Bold.ttf */ = {isa = PBXFileReference; lastKnownFileType = file; path = "SpoqaHanSansNeo-Bold.ttf"; sourceTree = "<group>"; };
		1C380F842AF92BBC0036A2D1 /* SpoqaHanSansNeo-Regular.ttf */ = {isa = PBXFileReference; lastKnownFileType = file; path = "SpoqaHanSansNeo-Regular.ttf"; sourceTree = "<group>"; };
		1C380F992AFA0F5E0036A2D1 /* MenuOptions.swift */ = {isa = PBXFileReference; lastKnownFileType = sourcecode.swift; path = MenuOptions.swift; sourceTree = "<group>"; };
		1C380F9B2AFA10800036A2D1 /* MenuModalTableViewCell.swift */ = {isa = PBXFileReference; lastKnownFileType = sourcecode.swift; path = MenuModalTableViewCell.swift; sourceTree = "<group>"; };
		1C380F9D2AFA11700036A2D1 /* MenuModalViewController.swift */ = {isa = PBXFileReference; lastKnownFileType = sourcecode.swift; path = MenuModalViewController.swift; sourceTree = "<group>"; };
/* End PBXFileReference section */

/* Begin PBXFrameworksBuildPhase section */
		1C380F492AF8AEC40036A2D1 /* Frameworks */ = {
			isa = PBXFrameworksBuildPhase;
			buildActionMask = 2147483647;
			files = (
				1C380F922AF93D120036A2D1 /* SnapKit in Frameworks */,
			);
			runOnlyForDeploymentPostprocessing = 0;
		};
/* End PBXFrameworksBuildPhase section */

/* Begin PBXGroup section */
		1C3154232AFA65A000573B3A /* Components */ = {
			isa = PBXGroup;
			children = (
				1C3154262AFA6A2A00573B3A /* SearchBar.swift */,
			);
			path = Components;
			sourceTree = "<group>";
		};
		1C3154282AFA6C6C00573B3A /* Search */ = {
			isa = PBXGroup;
			children = (
				1C3154292AFA6C9100573B3A /* Views */,
			);
			path = Search;
			sourceTree = "<group>";
		};
		1C3154292AFA6C9100573B3A /* Views */ = {
			isa = PBXGroup;
			children = (
				1C31542A2AFA6CA500573B3A /* SearchResultTableViewCell.swift */,
			);
			path = Views;
			sourceTree = "<group>";
		};
		1C380F432AF8AEC40036A2D1 = {
			isa = PBXGroup;
			children = (
				1C380F4E2AF8AEC40036A2D1 /* mailplug-assignment */,
				1C380F4D2AF8AEC40036A2D1 /* Products */,
			);
			sourceTree = "<group>";
		};
		1C380F4D2AF8AEC40036A2D1 /* Products */ = {
			isa = PBXGroup;
			children = (
				1C380F4C2AF8AEC40036A2D1 /* mailplug-assignment.app */,
			);
			name = Products;
			sourceTree = "<group>";
		};
		1C380F4E2AF8AEC40036A2D1 /* mailplug-assignment */ = {
			isa = PBXGroup;
			children = (
				1C380F972AFA0F090036A2D1 /* Domain */,
				1C380F632AF8AFB20036A2D1 /* Presentation */,
				1C380F692AF8DA470036A2D1 /* DesignSystem */,
				1C380F4F2AF8AEC40036A2D1 /* AppDelegate.swift */,
				1C380F512AF8AEC40036A2D1 /* SceneDelegate.swift */,
				1C380F532AF8AEC40036A2D1 /* ViewController.swift */,
				1C380F552AF8AEC40036A2D1 /* Main.storyboard */,
				1C380F582AF8AEC50036A2D1 /* Assets.xcassets */,
				1C380F5A2AF8AEC50036A2D1 /* LaunchScreen.storyboard */,
				1C380F5D2AF8AEC50036A2D1 /* Info.plist */,
			);
			path = "mailplug-assignment";
			sourceTree = "<group>";
		};
		1C380F632AF8AFB20036A2D1 /* Presentation */ = {
			isa = PBXGroup;
			children = (
				1C380F892AF93A100036A2D1 /* GeneralBoard */,
				1C380F932AF93D420036A2D1 /* MenuModal */,
				1C3154282AFA6C6C00573B3A /* Search */,
			);
			path = Presentation;
			sourceTree = "<group>";
		};
		1C380F662AF8B8DE0036A2D1 /* Views */ = {
			isa = PBXGroup;
			children = (
				1C380F672AF8B8EF0036A2D1 /* GeneralBoardView.swift */,
			);
			path = Views;
			sourceTree = "<group>";
		};
		1C380F692AF8DA470036A2D1 /* DesignSystem */ = {
			isa = PBXGroup;
			children = (
				1C3154232AFA65A000573B3A /* Components */,
				1C380F6A2AF8DA9D0036A2D1 /* Values */,
				1C380F752AF91D480036A2D1 /* Font */,
			);
			path = DesignSystem;
			sourceTree = "<group>";
		};
		1C380F6A2AF8DA9D0036A2D1 /* Values */ = {
			isa = PBXGroup;
			children = (
				1C380F732AF8EE940036A2D1 /* Colors.swift */,
				1C380F6B2AF8DB640036A2D1 /* IconImage.swift */,
				1C380F7E2AF91DB90036A2D1 /* Typography.swift */,
			);
			path = Values;
			sourceTree = "<group>";
		};
		1C380F752AF91D480036A2D1 /* Font */ = {
			isa = PBXGroup;
			children = (
				1C380F832AF92BBC0036A2D1 /* SpoqaHanSansNeo-Bold.ttf */,
				1C380F822AF92BBC0036A2D1 /* SpoqaHanSansNeo-Light.ttf */,
				1C380F812AF92BBB0036A2D1 /* SpoqaHanSansNeo-Medium.ttf */,
				1C380F842AF92BBC0036A2D1 /* SpoqaHanSansNeo-Regular.ttf */,
			);
			path = Font;
			sourceTree = "<group>";
		};
		1C380F892AF93A100036A2D1 /* GeneralBoard */ = {
			isa = PBXGroup;
			children = (
				1C380F642AF8B01A0036A2D1 /* GeneralBoardViewController.swift */,
				1C380F662AF8B8DE0036A2D1 /* Views */,
			);
			path = GeneralBoard;
			sourceTree = "<group>";
		};
		1C380F932AF93D420036A2D1 /* MenuModal */ = {
			isa = PBXGroup;
			children = (
				1C380F9D2AFA11700036A2D1 /* MenuModalViewController.swift */,
				1C380F962AFA0DA20036A2D1 /* Views */,
			);
			path = MenuModal;
			sourceTree = "<group>";
		};
		1C380F962AFA0DA20036A2D1 /* Views */ = {
			isa = PBXGroup;
			children = (
				1C380F9B2AFA10800036A2D1 /* MenuModalTableViewCell.swift */,
			);
			path = Views;
			sourceTree = "<group>";
		};
		1C380F972AFA0F090036A2D1 /* Domain */ = {
			isa = PBXGroup;
			children = (
				1C380F982AFA0F2D0036A2D1 /* Entity */,
			);
			path = Domain;
			sourceTree = "<group>";
		};
		1C380F982AFA0F2D0036A2D1 /* Entity */ = {
			isa = PBXGroup;
			children = (
				1C380F992AFA0F5E0036A2D1 /* MenuOptions.swift */,
			);
			path = Entity;
			sourceTree = "<group>";
		};
/* End PBXGroup section */

/* Begin PBXNativeTarget section */
		1C380F4B2AF8AEC40036A2D1 /* mailplug-assignment */ = {
			isa = PBXNativeTarget;
			buildConfigurationList = 1C380F602AF8AEC50036A2D1 /* Build configuration list for PBXNativeTarget "mailplug-assignment" */;
			buildPhases = (
				1C380F482AF8AEC40036A2D1 /* Sources */,
				1C380F492AF8AEC40036A2D1 /* Frameworks */,
				1C380F4A2AF8AEC40036A2D1 /* Resources */,
			);
			buildRules = (
			);
			dependencies = (
			);
			name = "mailplug-assignment";
			packageProductDependencies = (
				1C380F912AF93D120036A2D1 /* SnapKit */,
			);
			productName = "mailplug-assignment";
			productReference = 1C380F4C2AF8AEC40036A2D1 /* mailplug-assignment.app */;
			productType = "com.apple.product-type.application";
		};
/* End PBXNativeTarget section */

/* Begin PBXProject section */
		1C380F442AF8AEC40036A2D1 /* Project object */ = {
			isa = PBXProject;
			attributes = {
				BuildIndependentTargetsInParallel = 1;
				LastSwiftUpdateCheck = 1430;
				LastUpgradeCheck = 1430;
				TargetAttributes = {
					1C380F4B2AF8AEC40036A2D1 = {
						CreatedOnToolsVersion = 14.3.1;
					};
				};
			};
			buildConfigurationList = 1C380F472AF8AEC40036A2D1 /* Build configuration list for PBXProject "mailplug-assignment" */;
			compatibilityVersion = "Xcode 14.0";
			developmentRegion = en;
			hasScannedForEncodings = 0;
			knownRegions = (
				en,
				Base,
			);
			mainGroup = 1C380F432AF8AEC40036A2D1;
			packageReferences = (
				1C380F902AF93D120036A2D1 /* XCRemoteSwiftPackageReference "SnapKit" */,
			);
			productRefGroup = 1C380F4D2AF8AEC40036A2D1 /* Products */;
			projectDirPath = "";
			projectRoot = "";
			targets = (
				1C380F4B2AF8AEC40036A2D1 /* mailplug-assignment */,
			);
		};
/* End PBXProject section */

/* Begin PBXResourcesBuildPhase section */
		1C380F4A2AF8AEC40036A2D1 /* Resources */ = {
			isa = PBXResourcesBuildPhase;
			buildActionMask = 2147483647;
			files = (
				1C380F862AF92BBC0036A2D1 /* SpoqaHanSansNeo-Light.ttf in Resources */,
				1C380F882AF92BBC0036A2D1 /* SpoqaHanSansNeo-Regular.ttf in Resources */,
				1C380F5C2AF8AEC50036A2D1 /* LaunchScreen.storyboard in Resources */,
				1C380F592AF8AEC50036A2D1 /* Assets.xcassets in Resources */,
				1C380F852AF92BBC0036A2D1 /* SpoqaHanSansNeo-Medium.ttf in Resources */,
				1C380F872AF92BBC0036A2D1 /* SpoqaHanSansNeo-Bold.ttf in Resources */,
				1C380F572AF8AEC40036A2D1 /* Main.storyboard in Resources */,
			);
			runOnlyForDeploymentPostprocessing = 0;
		};
/* End PBXResourcesBuildPhase section */

/* Begin PBXSourcesBuildPhase section */
		1C380F482AF8AEC40036A2D1 /* Sources */ = {
			isa = PBXSourcesBuildPhase;
			buildActionMask = 2147483647;
			files = (
				1C380F6C2AF8DB640036A2D1 /* IconImage.swift in Sources */,
				1C380F652AF8B01A0036A2D1 /* GeneralBoardViewController.swift in Sources */,
				1C380F7F2AF91DB90036A2D1 /* Typography.swift in Sources */,
				1C380F542AF8AEC40036A2D1 /* ViewController.swift in Sources */,
				1C380F9C2AFA10800036A2D1 /* MenuModalTableViewCell.swift in Sources */,
				1C3154272AFA6A2A00573B3A /* SearchBar.swift in Sources */,
				1C380F742AF8EE940036A2D1 /* Colors.swift in Sources */,
				1C380F682AF8B8EF0036A2D1 /* GeneralBoardView.swift in Sources */,
				1C380F502AF8AEC40036A2D1 /* AppDelegate.swift in Sources */,
				1C380F522AF8AEC40036A2D1 /* SceneDelegate.swift in Sources */,
				1C380F9E2AFA11700036A2D1 /* MenuModalViewController.swift in Sources */,
				1C31542B2AFA6CA500573B3A /* SearchResultTableViewCell.swift in Sources */,
				1C380F9A2AFA0F5E0036A2D1 /* MenuOptions.swift in Sources */,
			);
			runOnlyForDeploymentPostprocessing = 0;
		};
/* End PBXSourcesBuildPhase section */

/* Begin PBXVariantGroup section */
		1C380F552AF8AEC40036A2D1 /* Main.storyboard */ = {
			isa = PBXVariantGroup;
			children = (
				1C380F562AF8AEC40036A2D1 /* Base */,
			);
			name = Main.storyboard;
			sourceTree = "<group>";
		};
		1C380F5A2AF8AEC50036A2D1 /* LaunchScreen.storyboard */ = {
			isa = PBXVariantGroup;
			children = (
				1C380F5B2AF8AEC50036A2D1 /* Base */,
			);
			name = LaunchScreen.storyboard;
			sourceTree = "<group>";
		};
/* End PBXVariantGroup section */

/* Begin XCBuildConfiguration section */
		1C380F5E2AF8AEC50036A2D1 /* Debug */ = {
			isa = XCBuildConfiguration;
			buildSettings = {
				ALWAYS_SEARCH_USER_PATHS = NO;
				CLANG_ANALYZER_NONNULL = YES;
				CLANG_ANALYZER_NUMBER_OBJECT_CONVERSION = YES_AGGRESSIVE;
				CLANG_CXX_LANGUAGE_STANDARD = "gnu++20";
				CLANG_ENABLE_MODULES = YES;
				CLANG_ENABLE_OBJC_ARC = YES;
				CLANG_ENABLE_OBJC_WEAK = YES;
				CLANG_WARN_BLOCK_CAPTURE_AUTORELEASING = YES;
				CLANG_WARN_BOOL_CONVERSION = YES;
				CLANG_WARN_COMMA = YES;
				CLANG_WARN_CONSTANT_CONVERSION = YES;
				CLANG_WARN_DEPRECATED_OBJC_IMPLEMENTATIONS = YES;
				CLANG_WARN_DIRECT_OBJC_ISA_USAGE = YES_ERROR;
				CLANG_WARN_DOCUMENTATION_COMMENTS = YES;
				CLANG_WARN_EMPTY_BODY = YES;
				CLANG_WARN_ENUM_CONVERSION = YES;
				CLANG_WARN_INFINITE_RECURSION = YES;
				CLANG_WARN_INT_CONVERSION = YES;
				CLANG_WARN_NON_LITERAL_NULL_CONVERSION = YES;
				CLANG_WARN_OBJC_IMPLICIT_RETAIN_SELF = YES;
				CLANG_WARN_OBJC_LITERAL_CONVERSION = YES;
				CLANG_WARN_OBJC_ROOT_CLASS = YES_ERROR;
				CLANG_WARN_QUOTED_INCLUDE_IN_FRAMEWORK_HEADER = YES;
				CLANG_WARN_RANGE_LOOP_ANALYSIS = YES;
				CLANG_WARN_STRICT_PROTOTYPES = YES;
				CLANG_WARN_SUSPICIOUS_MOVE = YES;
				CLANG_WARN_UNGUARDED_AVAILABILITY = YES_AGGRESSIVE;
				CLANG_WARN_UNREACHABLE_CODE = YES;
				CLANG_WARN__DUPLICATE_METHOD_MATCH = YES;
				COPY_PHASE_STRIP = NO;
				DEBUG_INFORMATION_FORMAT = dwarf;
				ENABLE_STRICT_OBJC_MSGSEND = YES;
				ENABLE_TESTABILITY = YES;
				GCC_C_LANGUAGE_STANDARD = gnu11;
				GCC_DYNAMIC_NO_PIC = NO;
				GCC_NO_COMMON_BLOCKS = YES;
				GCC_OPTIMIZATION_LEVEL = 0;
				GCC_PREPROCESSOR_DEFINITIONS = (
					"DEBUG=1",
					"$(inherited)",
				);
				GCC_WARN_64_TO_32_BIT_CONVERSION = YES;
				GCC_WARN_ABOUT_RETURN_TYPE = YES_ERROR;
				GCC_WARN_UNDECLARED_SELECTOR = YES;
				GCC_WARN_UNINITIALIZED_AUTOS = YES_AGGRESSIVE;
				GCC_WARN_UNUSED_FUNCTION = YES;
				GCC_WARN_UNUSED_VARIABLE = YES;
				IPHONEOS_DEPLOYMENT_TARGET = 16.4;
				MTL_ENABLE_DEBUG_INFO = INCLUDE_SOURCE;
				MTL_FAST_MATH = YES;
				ONLY_ACTIVE_ARCH = YES;
				SDKROOT = iphoneos;
				SWIFT_ACTIVE_COMPILATION_CONDITIONS = DEBUG;
				SWIFT_OPTIMIZATION_LEVEL = "-Onone";
			};
			name = Debug;
		};
		1C380F5F2AF8AEC50036A2D1 /* Release */ = {
			isa = XCBuildConfiguration;
			buildSettings = {
				ALWAYS_SEARCH_USER_PATHS = NO;
				CLANG_ANALYZER_NONNULL = YES;
				CLANG_ANALYZER_NUMBER_OBJECT_CONVERSION = YES_AGGRESSIVE;
				CLANG_CXX_LANGUAGE_STANDARD = "gnu++20";
				CLANG_ENABLE_MODULES = YES;
				CLANG_ENABLE_OBJC_ARC = YES;
				CLANG_ENABLE_OBJC_WEAK = YES;
				CLANG_WARN_BLOCK_CAPTURE_AUTORELEASING = YES;
				CLANG_WARN_BOOL_CONVERSION = YES;
				CLANG_WARN_COMMA = YES;
				CLANG_WARN_CONSTANT_CONVERSION = YES;
				CLANG_WARN_DEPRECATED_OBJC_IMPLEMENTATIONS = YES;
				CLANG_WARN_DIRECT_OBJC_ISA_USAGE = YES_ERROR;
				CLANG_WARN_DOCUMENTATION_COMMENTS = YES;
				CLANG_WARN_EMPTY_BODY = YES;
				CLANG_WARN_ENUM_CONVERSION = YES;
				CLANG_WARN_INFINITE_RECURSION = YES;
				CLANG_WARN_INT_CONVERSION = YES;
				CLANG_WARN_NON_LITERAL_NULL_CONVERSION = YES;
				CLANG_WARN_OBJC_IMPLICIT_RETAIN_SELF = YES;
				CLANG_WARN_OBJC_LITERAL_CONVERSION = YES;
				CLANG_WARN_OBJC_ROOT_CLASS = YES_ERROR;
				CLANG_WARN_QUOTED_INCLUDE_IN_FRAMEWORK_HEADER = YES;
				CLANG_WARN_RANGE_LOOP_ANALYSIS = YES;
				CLANG_WARN_STRICT_PROTOTYPES = YES;
				CLANG_WARN_SUSPICIOUS_MOVE = YES;
				CLANG_WARN_UNGUARDED_AVAILABILITY = YES_AGGRESSIVE;
				CLANG_WARN_UNREACHABLE_CODE = YES;
				CLANG_WARN__DUPLICATE_METHOD_MATCH = YES;
				COPY_PHASE_STRIP = NO;
				DEBUG_INFORMATION_FORMAT = "dwarf-with-dsym";
				ENABLE_NS_ASSERTIONS = NO;
				ENABLE_STRICT_OBJC_MSGSEND = YES;
				GCC_C_LANGUAGE_STANDARD = gnu11;
				GCC_NO_COMMON_BLOCKS = YES;
				GCC_WARN_64_TO_32_BIT_CONVERSION = YES;
				GCC_WARN_ABOUT_RETURN_TYPE = YES_ERROR;
				GCC_WARN_UNDECLARED_SELECTOR = YES;
				GCC_WARN_UNINITIALIZED_AUTOS = YES_AGGRESSIVE;
				GCC_WARN_UNUSED_FUNCTION = YES;
				GCC_WARN_UNUSED_VARIABLE = YES;
				IPHONEOS_DEPLOYMENT_TARGET = 16.4;
				MTL_ENABLE_DEBUG_INFO = NO;
				MTL_FAST_MATH = YES;
				SDKROOT = iphoneos;
				SWIFT_COMPILATION_MODE = wholemodule;
				SWIFT_OPTIMIZATION_LEVEL = "-O";
				VALIDATE_PRODUCT = YES;
			};
			name = Release;
		};
		1C380F612AF8AEC50036A2D1 /* Debug */ = {
			isa = XCBuildConfiguration;
			buildSettings = {
				ASSETCATALOG_COMPILER_APPICON_NAME = AppIcon;
				ASSETCATALOG_COMPILER_GLOBAL_ACCENT_COLOR_NAME = AccentColor;
				CODE_SIGN_STYLE = Automatic;
				CURRENT_PROJECT_VERSION = 1;
				DEVELOPMENT_TEAM = XBK9RNRMN8;
				GENERATE_INFOPLIST_FILE = YES;
				INFOPLIST_FILE = "mailplug-assignment/Info.plist";
				INFOPLIST_KEY_UIApplicationSupportsIndirectInputEvents = YES;
				INFOPLIST_KEY_UILaunchStoryboardName = LaunchScreen;
				INFOPLIST_KEY_UIMainStoryboardFile = Main;
				INFOPLIST_KEY_UISupportedInterfaceOrientations_iPad = "UIInterfaceOrientationPortrait UIInterfaceOrientationPortraitUpsideDown UIInterfaceOrientationLandscapeLeft UIInterfaceOrientationLandscapeRight";
				INFOPLIST_KEY_UISupportedInterfaceOrientations_iPhone = "UIInterfaceOrientationPortrait UIInterfaceOrientationLandscapeLeft UIInterfaceOrientationLandscapeRight";
				LD_RUNPATH_SEARCH_PATHS = (
					"$(inherited)",
					"@executable_path/Frameworks",
				);
				MARKETING_VERSION = 1.0;
				PRODUCT_BUNDLE_IDENTIFIER = "hyeri.mailplug-assignment";
				PRODUCT_NAME = "$(TARGET_NAME)";
				SWIFT_EMIT_LOC_STRINGS = YES;
				SWIFT_VERSION = 5.0;
				TARGETED_DEVICE_FAMILY = "1,2";
			};
			name = Debug;
		};
		1C380F622AF8AEC50036A2D1 /* Release */ = {
			isa = XCBuildConfiguration;
			buildSettings = {
				ASSETCATALOG_COMPILER_APPICON_NAME = AppIcon;
				ASSETCATALOG_COMPILER_GLOBAL_ACCENT_COLOR_NAME = AccentColor;
				CODE_SIGN_STYLE = Automatic;
				CURRENT_PROJECT_VERSION = 1;
				DEVELOPMENT_TEAM = XBK9RNRMN8;
				GENERATE_INFOPLIST_FILE = YES;
				INFOPLIST_FILE = "mailplug-assignment/Info.plist";
				INFOPLIST_KEY_UIApplicationSupportsIndirectInputEvents = YES;
				INFOPLIST_KEY_UILaunchStoryboardName = LaunchScreen;
				INFOPLIST_KEY_UIMainStoryboardFile = Main;
				INFOPLIST_KEY_UISupportedInterfaceOrientations_iPad = "UIInterfaceOrientationPortrait UIInterfaceOrientationPortraitUpsideDown UIInterfaceOrientationLandscapeLeft UIInterfaceOrientationLandscapeRight";
				INFOPLIST_KEY_UISupportedInterfaceOrientations_iPhone = "UIInterfaceOrientationPortrait UIInterfaceOrientationLandscapeLeft UIInterfaceOrientationLandscapeRight";
				LD_RUNPATH_SEARCH_PATHS = (
					"$(inherited)",
					"@executable_path/Frameworks",
				);
				MARKETING_VERSION = 1.0;
				PRODUCT_BUNDLE_IDENTIFIER = "hyeri.mailplug-assignment";
				PRODUCT_NAME = "$(TARGET_NAME)";
				SWIFT_EMIT_LOC_STRINGS = YES;
				SWIFT_VERSION = 5.0;
				TARGETED_DEVICE_FAMILY = "1,2";
			};
			name = Release;
		};
/* End XCBuildConfiguration section */

/* Begin XCConfigurationList section */
		1C380F472AF8AEC40036A2D1 /* Build configuration list for PBXProject "mailplug-assignment" */ = {
			isa = XCConfigurationList;
			buildConfigurations = (
				1C380F5E2AF8AEC50036A2D1 /* Debug */,
				1C380F5F2AF8AEC50036A2D1 /* Release */,
			);
			defaultConfigurationIsVisible = 0;
			defaultConfigurationName = Release;
		};
		1C380F602AF8AEC50036A2D1 /* Build configuration list for PBXNativeTarget "mailplug-assignment" */ = {
			isa = XCConfigurationList;
			buildConfigurations = (
				1C380F612AF8AEC50036A2D1 /* Debug */,
				1C380F622AF8AEC50036A2D1 /* Release */,
			);
			defaultConfigurationIsVisible = 0;
			defaultConfigurationName = Release;
		};
/* End XCConfigurationList section */

/* Begin XCRemoteSwiftPackageReference section */
		1C380F902AF93D120036A2D1 /* XCRemoteSwiftPackageReference "SnapKit" */ = {
			isa = XCRemoteSwiftPackageReference;
			repositoryURL = "https://github.com/SnapKit/SnapKit";
			requirement = {
				kind = upToNextMajorVersion;
				minimumVersion = 5.0.0;
			};
		};
/* End XCRemoteSwiftPackageReference section */

/* Begin XCSwiftPackageProductDependency section */
		1C380F912AF93D120036A2D1 /* SnapKit */ = {
			isa = XCSwiftPackageProductDependency;
			package = 1C380F902AF93D120036A2D1 /* XCRemoteSwiftPackageReference "SnapKit" */;
			productName = SnapKit;
		};
/* End XCSwiftPackageProductDependency section */
	};
	rootObject = 1C380F442AF8AEC40036A2D1 /* Project object */;
}
